
Microsoft Visual Studio Solution File, Format Version 12.00
# Visual Studio Version 17
VisualStudioVersion = 17.5.2.0
MinimumVisualStudioVersion = 10.0.40219.1
Project("{FAE04EC0-301F-11D3-BF4B-00C04F79EFBC}") = "EscapeGameKiosk", "EscapeGameKiosk\\EscapeGameKiosk.csproj", "{5A6811B4-6FB9-6DE7-AD39-629B2D88E7A2}"
EndProject
Project("{FAE04EC0-301F-11D3-BF4B-00C04F79EFBC}") = "EscapeGameKiosk.Tests", "EscapeGameKiosk.Tests\EscapeGameKiosk.Tests.csproj", "{D5D6DCFE-B340-476A-9377-10A66384EA2F}"
EndProject
Project("{FAE04EC0-301F-11D3-BF4B-00C04F79EFBC}") = "EscapeGameKiosk.Gestures", "EscapeGameKiosk.Gestures\EscapeGameKiosk.Gestures.csproj", "{0B03A882-8C32-4D4D-8BEA-2F3E2504E6D0}"
EndProject
Project("{FAE04EC0-301F-11D3-BF4B-00C04F79EFBC}") = "EscapeGameKiosk.IconGen", "EscapeGameKiosk.IconGen\EscapeGameKiosk.IconGen.csproj", "{F1B36909-48AB-44C6-9AAE-4B8DF3E22AAE}"
EndProject
Global
	GlobalSection(SolutionConfigurationPlatforms) = preSolution
		Debug|Any CPU = Debug|Any CPU
		Debug|x64 = Debug|x64
		Debug|x86 = Debug|x86
		Release|Any CPU = Release|Any CPU
		Release|x64 = Release|x64
		Release|x86 = Release|x86
	EndGlobalSection
	GlobalSection(ProjectConfigurationPlatforms) = postSolution
		{5A6811B4-6FB9-6DE7-AD39-629B2D88E7A2}.Debug|Any CPU.ActiveCfg = Debug|Any CPU
		{5A6811B4-6FB9-6DE7-AD39-629B2D88E7A2}.Debug|Any CPU.Build.0 = Debug|Any CPU
		{5A6811B4-6FB9-6DE7-AD39-629B2D88E7A2}.Debug|x64.ActiveCfg = Debug|Any CPU
		{5A6811B4-6FB9-6DE7-AD39-629B2D88E7A2}.Debug|x64.Build.0 = Debug|Any CPU
		{5A6811B4-6FB9-6DE7-AD39-629B2D88E7A2}.Debug|x86.ActiveCfg = Debug|Any CPU
		{5A6811B4-6FB9-6DE7-AD39-629B2D88E7A2}.Debug|x86.Build.0 = Debug|Any CPU
		{5A6811B4-6FB9-6DE7-AD39-629B2D88E7A2}.Release|Any CPU.ActiveCfg = Release|Any CPU
		{5A6811B4-6FB9-6DE7-AD39-629B2D88E7A2}.Release|Any CPU.Build.0 = Release|Any CPU
		{5A6811B4-6FB9-6DE7-AD39-629B2D88E7A2}.Release|x64.ActiveCfg = Release|Any CPU
		{5A6811B4-6FB9-6DE7-AD39-629B2D88E7A2}.Release|x64.Build.0 = Release|Any CPU
		{5A6811B4-6FB9-6DE7-AD39-629B2D88E7A2}.Release|x86.ActiveCfg = Release|Any CPU
		{5A6811B4-6FB9-6DE7-AD39-629B2D88E7A2}.Release|x86.Build.0 = Release|Any CPU
		{D5D6DCFE-B340-476A-9377-10A66384EA2F}.Debug|Any CPU.ActiveCfg = Debug|Any CPU
		{D5D6DCFE-B340-476A-9377-10A66384EA2F}.Debug|Any CPU.Build.0 = Debug|Any CPU
		{D5D6DCFE-B340-476A-9377-10A66384EA2F}.Debug|x64.ActiveCfg = Debug|Any CPU
		{D5D6DCFE-B340-476A-9377-10A66384EA2F}.Debug|x64.Build.0 = Debug|Any CPU
		{D5D6DCFE-B340-476A-9377-10A66384EA2F}.Debug|x86.ActiveCfg = Debug|Any CPU
		{D5D6DCFE-B340-476A-9377-10A66384EA2F}.Debug|x86.Build.0 = Debug|Any CPU
		{D5D6DCFE-B340-476A-9377-10A66384EA2F}.Release|Any CPU.ActiveCfg = Release|Any CPU
		{D5D6DCFE-B340-476A-9377-10A66384EA2F}.Release|Any CPU.Build.0 = Release|Any CPU
		{D5D6DCFE-B340-476A-9377-10A66384EA2F}.Release|x64.ActiveCfg = Release|Any CPU
		{D5D6DCFE-B340-476A-9377-10A66384EA2F}.Release|x64.Build.0 = Release|Any CPU
		{D5D6DCFE-B340-476A-9377-10A66384EA2F}.Release|x86.ActiveCfg = Release|Any CPU
		{D5D6DCFE-B340-476A-9377-10A66384EA2F}.Release|x86.Build.0 = Release|Any CPU
		{0B03A882-8C32-4D4D-8BEA-2F3E2504E6D0}.Debug|Any CPU.ActiveCfg = Debug|Any CPU
		{0B03A882-8C32-4D4D-8BEA-2F3E2504E6D0}.Debug|Any CPU.Build.0 = Debug|Any CPU
		{0B03A882-8C32-4D4D-8BEA-2F3E2504E6D0}.Debug|x64.ActiveCfg = Debug|Any CPU
		{0B03A882-8C32-4D4D-8BEA-2F3E2504E6D0}.Debug|x64.Build.0 = Debug|Any CPU
		{0B03A882-8C32-4D4D-8BEA-2F3E2504E6D0}.Debug|x86.ActiveCfg = Debug|Any CPU
		{0B03A882-8C32-4D4D-8BEA-2F3E2504E6D0}.Debug|x86.Build.0 = Debug|Any CPU
		{0B03A882-8C32-4D4D-8BEA-2F3E2504E6D0}.Release|Any CPU.ActiveCfg = Release|Any CPU
		{0B03A882-8C32-4D4D-8BEA-2F3E2504E6D0}.Release|Any CPU.Build.0 = Release|Any CPU
		{0B03A882-8C32-4D4D-8BEA-2F3E2504E6D0}.Release|x64.ActiveCfg = Release|Any CPU
		{0B03A882-8C32-4D4D-8BEA-2F3E2504E6D0}.Release|x64.Build.0 = Release|Any CPU
		{0B03A882-8C32-4D4D-8BEA-2F3E2504E6D0}.Release|x86.ActiveCfg = Release|Any CPU
		{0B03A882-8C32-4D4D-8BEA-2F3E2504E6D0}.Release|x86.Build.0 = Release|Any CPU
		{F1B36909-48AB-44C6-9AAE-4B8DF3E22AAE}.Debug|Any CPU.ActiveCfg = Debug|Any CPU
		{F1B36909-48AB-44C6-9AAE-4B8DF3E22AAE}.Debug|Any CPU.Build.0 = Debug|Any CPU
		{F1B36909-48AB-44C6-9AAE-4B8DF3E22AAE}.Debug|x64.ActiveCfg = Debug|Any CPU
		{F1B36909-48AB-44C6-9AAE-4B8DF3E22AAE}.Debug|x64.Build.0 = Debug|Any CPU
		{F1B36909-48AB-44C6-9AAE-4B8DF3E22AAE}.Debug|x86.ActiveCfg = Debug|Any CPU
		{F1B36909-48AB-44C6-9AAE-4B8DF3E22AAE}.Debug|x86.Build.0 = Debug|Any CPU
		{F1B36909-48AB-44C6-9AAE-4B8DF3E22AAE}.Release|Any CPU.ActiveCfg = Release|Any CPU
		{F1B36909-48AB-44C6-9AAE-4B8DF3E22AAE}.Release|Any CPU.Build.0 = Release|Any CPU
		{F1B36909-48AB-44C6-9AAE-4B8DF3E22AAE}.Release|x64.ActiveCfg = Release|Any CPU
		{F1B36909-48AB-44C6-9AAE-4B8DF3E22AAE}.Release|x64.Build.0 = Release|Any CPU
		{F1B36909-48AB-44C6-9AAE-4B8DF3E22AAE}.Release|x86.ActiveCfg = Release|Any CPU
		{F1B36909-48AB-44C6-9AAE-4B8DF3E22AAE}.Release|x86.Build.0 = Release|Any CPU
	EndGlobalSection
	GlobalSection(SolutionProperties) = preSolution
		HideSolutionNode = FALSE
	EndGlobalSection
	GlobalSection(ExtensibilityGlobals) = postSolution
		SolutionGuid = {F7463CF7-B9C7-4922-9CBF-E4E962D9E930}
	EndGlobalSection
EndGlobal
